
Microsoft Visual Studio Solution File, Format Version 12.00
# Visual Studio 15
VisualStudioVersion = 15.0.28307.168
MinimumVisualStudioVersion = 10.0.40219.1
Project("{FAE04EC0-301F-11D3-BF4B-00C04F79EFBC}") = "Sample101", "Sample101\Sample101.csproj", "{5227FE4B-E7F6-4DD2-9396-2171BE66ADFD}"
EndProject
Global
	GlobalSection(SolutionConfigurationPlatforms) = preSolution
		Debug|Any CPU = Debug|Any CPU
		Release|Any CPU = Release|Any CPU
	EndGlobalSection
	GlobalSection(ProjectConfigurationPlatforms) = postSolution
		{5227FE4B-E7F6-4DD2-9396-2171BE66ADFD}.Debug|Any CPU.ActiveCfg = Debug|Any CPU
		{5227FE4B-E7F6-4DD2-9396-2171BE66ADFD}.Debug|Any CPU.Build.0 = Debug|Any CPU
		{5227FE4B-E7F6-4DD2-9396-2171BE66ADFD}.Release|Any CPU.ActiveCfg = Release|Any CPU
		{5227FE4B-E7F6-4DD2-9396-2171BE66ADFD}.Release|Any CPU.Build.0 = Release|Any CPU
	EndGlobalSection
	GlobalSection(SolutionProperties) = preSolution
		HideSolutionNode = FALSE
	EndGlobalSection
	GlobalSection(ExtensibilityGlobals) = postSolution
		SolutionGuid = {154ED2A5-1CA4-4B62-9377-19495BA3D58C}
	EndGlobalSection
EndGlobal
