
Microsoft Visual Studio Solution File, Format Version 12.00
# Visual Studio Version 17
VisualStudioVersion = 17.12.35527.113 d17.12
MinimumVisualStudioVersion = 10.0.40219.1
Project("{FAE04EC0-301F-11D3-BF4B-00C04F79EFBC}") = "Sample601", "Sample601\Sample601.csproj", "{15049EA1-FCAE-450B-94BA-82492941680A}"
EndProject
Project("{FAE04EC0-301F-11D3-BF4B-00C04F79EFBC}") = "Sample602", "Sample602\Sample602.csproj", "{35B416FE-89BF-48D8-B239-0A5A4E12DB95}"
EndProject
Global
	GlobalSection(SolutionConfigurationPlatforms) = preSolution
		Debug|Any CPU = Debug|Any CPU
		Release|Any CPU = Release|Any CPU
	EndGlobalSection
	GlobalSection(ProjectConfigurationPlatforms) = postSolution
		{15049EA1-FCAE-450B-94BA-82492941680A}.Debug|Any CPU.ActiveCfg = Debug|Any CPU
		{15049EA1-FCAE-450B-94BA-82492941680A}.Debug|Any CPU.Build.0 = Debug|Any CPU
		{15049EA1-FCAE-450B-94BA-82492941680A}.Release|Any CPU.ActiveCfg = Release|Any CPU
		{15049EA1-FCAE-450B-94BA-82492941680A}.Release|Any CPU.Build.0 = Release|Any CPU
		{35B416FE-89BF-48D8-B239-0A5A4E12DB95}.Debug|Any CPU.ActiveCfg = Debug|Any CPU
		{35B416FE-89BF-48D8-B239-0A5A4E12DB95}.Debug|Any CPU.Build.0 = Debug|Any CPU
		{35B416FE-89BF-48D8-B239-0A5A4E12DB95}.Release|Any CPU.ActiveCfg = Release|Any CPU
		{35B416FE-89BF-48D8-B239-0A5A4E12DB95}.Release|Any CPU.Build.0 = Release|Any CPU
	EndGlobalSection
	GlobalSection(SolutionProperties) = preSolution
		HideSolutionNode = FALSE
	EndGlobalSection
	GlobalSection(ExtensibilityGlobals) = postSolution
		SolutionGuid = {7AA8E74D-C90D-44A5-932A-B264187B8E78}
	EndGlobalSection
EndGlobal
