
Microsoft Visual Studio Solution File, Format Version 12.00
# Visual Studio 15
VisualStudioVersion = 15.0.28307.168
MinimumVisualStudioVersion = 10.0.40219.1
Project("{FAE04EC0-301F-11D3-BF4B-00C04F79EFBC}") = "Sample204", "Sample204\Sample204.csproj", "{DAC97064-9D2B-4139-B7A6-4D6CA9237D76}"
EndProject
Global
	GlobalSection(SolutionConfigurationPlatforms) = preSolution
		Debug|Any CPU = Debug|Any CPU
		Release|Any CPU = Release|Any CPU
	EndGlobalSection
	GlobalSection(ProjectConfigurationPlatforms) = postSolution
		{DAC97064-9D2B-4139-B7A6-4D6CA9237D76}.Debug|Any CPU.ActiveCfg = Debug|Any CPU
		{DAC97064-9D2B-4139-B7A6-4D6CA9237D76}.Debug|Any CPU.Build.0 = Debug|Any CPU
		{DAC97064-9D2B-4139-B7A6-4D6CA9237D76}.Release|Any CPU.ActiveCfg = Release|Any CPU
		{DAC97064-9D2B-4139-B7A6-4D6CA9237D76}.Release|Any CPU.Build.0 = Release|Any CPU
	EndGlobalSection
	GlobalSection(SolutionProperties) = preSolution
		HideSolutionNode = FALSE
	EndGlobalSection
	GlobalSection(ExtensibilityGlobals) = postSolution
		SolutionGuid = {97CD97E0-3193-4352-BA23-517377CF85EC}
	EndGlobalSection
EndGlobal
