
Microsoft Visual Studio Solution File, Format Version 12.00
# Visual Studio 15
VisualStudioVersion = 15.0.28307.168
MinimumVisualStudioVersion = 10.0.40219.1
Project("{FAE04EC0-301F-11D3-BF4B-00C04F79EFBC}") = "Sample305", "Sample305\Sample305.csproj", "{B6F655A4-5389-4B60-A6C0-64861F95A0E8}"
EndProject
Global
	GlobalSection(SolutionConfigurationPlatforms) = preSolution
		Debug|Any CPU = Debug|Any CPU
		Release|Any CPU = Release|Any CPU
	EndGlobalSection
	GlobalSection(ProjectConfigurationPlatforms) = postSolution
		{B6F655A4-5389-4B60-A6C0-64861F95A0E8}.Debug|Any CPU.ActiveCfg = Debug|Any CPU
		{B6F655A4-5389-4B60-A6C0-64861F95A0E8}.Debug|Any CPU.Build.0 = Debug|Any CPU
		{B6F655A4-5389-4B60-A6C0-64861F95A0E8}.Release|Any CPU.ActiveCfg = Release|Any CPU
		{B6F655A4-5389-4B60-A6C0-64861F95A0E8}.Release|Any CPU.Build.0 = Release|Any CPU
	EndGlobalSection
	GlobalSection(SolutionProperties) = preSolution
		HideSolutionNode = FALSE
	EndGlobalSection
	GlobalSection(ExtensibilityGlobals) = postSolution
		SolutionGuid = {0EEBB8A8-71E4-45A6-87A1-67D5A153D0E3}
	EndGlobalSection
EndGlobal
