
Microsoft Visual Studio Solution File, Format Version 12.00
# Visual Studio 15
VisualStudioVersion = 15.0.28307.168
MinimumVisualStudioVersion = 10.0.40219.1
Project("{FAE04EC0-301F-11D3-BF4B-00C04F79EFBC}") = "Sample103", "Sample103\Sample103.csproj", "{7031713C-FC1A-44BF-8EA5-D3AD639A2919}"
EndProject
Global
	GlobalSection(SolutionConfigurationPlatforms) = preSolution
		Debug|Any CPU = Debug|Any CPU
		Release|Any CPU = Release|Any CPU
	EndGlobalSection
	GlobalSection(ProjectConfigurationPlatforms) = postSolution
		{7031713C-FC1A-44BF-8EA5-D3AD639A2919}.Debug|Any CPU.ActiveCfg = Debug|Any CPU
		{7031713C-FC1A-44BF-8EA5-D3AD639A2919}.Debug|Any CPU.Build.0 = Debug|Any CPU
		{7031713C-FC1A-44BF-8EA5-D3AD639A2919}.Release|Any CPU.ActiveCfg = Release|Any CPU
		{7031713C-FC1A-44BF-8EA5-D3AD639A2919}.Release|Any CPU.Build.0 = Release|Any CPU
	EndGlobalSection
	GlobalSection(SolutionProperties) = preSolution
		HideSolutionNode = FALSE
	EndGlobalSection
	GlobalSection(ExtensibilityGlobals) = postSolution
		SolutionGuid = {EA86D9A0-A7D8-4C9A-8729-257025E26AAF}
	EndGlobalSection
EndGlobal
