
Microsoft Visual Studio Solution File, Format Version 12.00
# Visual Studio 15
VisualStudioVersion = 15.0.28307.168
MinimumVisualStudioVersion = 10.0.40219.1
Project("{FAE04EC0-301F-11D3-BF4B-00C04F79EFBC}") = "Sample303", "Sample303\Sample303.csproj", "{7FB1E607-8ACC-4E81-9DBB-C08B7B8FCC39}"
EndProject
Global
	GlobalSection(SolutionConfigurationPlatforms) = preSolution
		Debug|Any CPU = Debug|Any CPU
		Release|Any CPU = Release|Any CPU
	EndGlobalSection
	GlobalSection(ProjectConfigurationPlatforms) = postSolution
		{7FB1E607-8ACC-4E81-9DBB-C08B7B8FCC39}.Debug|Any CPU.ActiveCfg = Debug|Any CPU
		{7FB1E607-8ACC-4E81-9DBB-C08B7B8FCC39}.Debug|Any CPU.Build.0 = Debug|Any CPU
		{7FB1E607-8ACC-4E81-9DBB-C08B7B8FCC39}.Release|Any CPU.ActiveCfg = Release|Any CPU
		{7FB1E607-8ACC-4E81-9DBB-C08B7B8FCC39}.Release|Any CPU.Build.0 = Release|Any CPU
	EndGlobalSection
	GlobalSection(SolutionProperties) = preSolution
		HideSolutionNode = FALSE
	EndGlobalSection
	GlobalSection(ExtensibilityGlobals) = postSolution
		SolutionGuid = {377BC029-2692-41FC-A61E-8887551E1BED}
	EndGlobalSection
EndGlobal
