
Microsoft Visual Studio Solution File, Format Version 12.00
# Visual Studio 15
VisualStudioVersion = 15.0.28307.168
MinimumVisualStudioVersion = 10.0.40219.1
Project("{FAE04EC0-301F-11D3-BF4B-00C04F79EFBC}") = "Sample102", "Sample102\Sample102.csproj", "{28BAEF4D-8178-44B4-84E7-1FDF920ADD29}"
EndProject
Global
	GlobalSection(SolutionConfigurationPlatforms) = preSolution
		Debug|Any CPU = Debug|Any CPU
		Release|Any CPU = Release|Any CPU
	EndGlobalSection
	GlobalSection(ProjectConfigurationPlatforms) = postSolution
		{28BAEF4D-8178-44B4-84E7-1FDF920ADD29}.Debug|Any CPU.ActiveCfg = Debug|Any CPU
		{28BAEF4D-8178-44B4-84E7-1FDF920ADD29}.Debug|Any CPU.Build.0 = Debug|Any CPU
		{28BAEF4D-8178-44B4-84E7-1FDF920ADD29}.Release|Any CPU.ActiveCfg = Release|Any CPU
		{28BAEF4D-8178-44B4-84E7-1FDF920ADD29}.Release|Any CPU.Build.0 = Release|Any CPU
	EndGlobalSection
	GlobalSection(SolutionProperties) = preSolution
		HideSolutionNode = FALSE
	EndGlobalSection
	GlobalSection(ExtensibilityGlobals) = postSolution
		SolutionGuid = {1EA69CA3-7DEE-438B-A18F-993B1F45BE60}
	EndGlobalSection
EndGlobal
