
Microsoft Visual Studio Solution File, Format Version 12.00
# Visual Studio Version 17
VisualStudioVersion = 17.12.35527.113 d17.12
MinimumVisualStudioVersion = 10.0.40219.1
Project("{FAE04EC0-301F-11D3-BF4B-00C04F79EFBC}") = "Sample301", "Sample301\Sample301.csproj", "{9AC669EE-5203-4410-92D2-66D71F5715F6}"
EndProject
Project("{FAE04EC0-301F-11D3-BF4B-00C04F79EFBC}") = "Sample302", "Sample302\Sample302.csproj", "{F599585B-6C14-4F21-9F56-F000126DE075}"
EndProject
Project("{FAE04EC0-301F-11D3-BF4B-00C04F79EFBC}") = "Sample303", "Sample303\Sample303.csproj", "{7FB1E607-8ACC-4E81-9DBB-C08B7B8FCC39}"
EndProject
Project("{FAE04EC0-301F-11D3-BF4B-00C04F79EFBC}") = "Sample304", "Sample304\Sample304.csproj", "{835EC46E-DF09-409B-8DDB-FE43CC2795C7}"
EndProject
Project("{FAE04EC0-301F-11D3-BF4B-00C04F79EFBC}") = "Sample305", "Sample305\Sample305.csproj", "{B6F655A4-5389-4B60-A6C0-64861F95A0E8}"
EndProject
Global
	GlobalSection(SolutionConfigurationPlatforms) = preSolution
		Debug|Any CPU = Debug|Any CPU
		Release|Any CPU = Release|Any CPU
	EndGlobalSection
	GlobalSection(ProjectConfigurationPlatforms) = postSolution
		{9AC669EE-5203-4410-92D2-66D71F5715F6}.Debug|Any CPU.ActiveCfg = Debug|Any CPU
		{9AC669EE-5203-4410-92D2-66D71F5715F6}.Debug|Any CPU.Build.0 = Debug|Any CPU
		{9AC669EE-5203-4410-92D2-66D71F5715F6}.Release|Any CPU.ActiveCfg = Release|Any CPU
		{9AC669EE-5203-4410-92D2-66D71F5715F6}.Release|Any CPU.Build.0 = Release|Any CPU
		{F599585B-6C14-4F21-9F56-F000126DE075}.Debug|Any CPU.ActiveCfg = Debug|Any CPU
		{F599585B-6C14-4F21-9F56-F000126DE075}.Debug|Any CPU.Build.0 = Debug|Any CPU
		{F599585B-6C14-4F21-9F56-F000126DE075}.Release|Any CPU.ActiveCfg = Release|Any CPU
		{F599585B-6C14-4F21-9F56-F000126DE075}.Release|Any CPU.Build.0 = Release|Any CPU
		{7FB1E607-8ACC-4E81-9DBB-C08B7B8FCC39}.Debug|Any CPU.ActiveCfg = Debug|Any CPU
		{7FB1E607-8ACC-4E81-9DBB-C08B7B8FCC39}.Debug|Any CPU.Build.0 = Debug|Any CPU
		{7FB1E607-8ACC-4E81-9DBB-C08B7B8FCC39}.Release|Any CPU.ActiveCfg = Release|Any CPU
		{7FB1E607-8ACC-4E81-9DBB-C08B7B8FCC39}.Release|Any CPU.Build.0 = Release|Any CPU
		{835EC46E-DF09-409B-8DDB-FE43CC2795C7}.Debug|Any CPU.ActiveCfg = Debug|Any CPU
		{835EC46E-DF09-409B-8DDB-FE43CC2795C7}.Debug|Any CPU.Build.0 = Debug|Any CPU
		{835EC46E-DF09-409B-8DDB-FE43CC2795C7}.Release|Any CPU.ActiveCfg = Release|Any CPU
		{835EC46E-DF09-409B-8DDB-FE43CC2795C7}.Release|Any CPU.Build.0 = Release|Any CPU
		{B6F655A4-5389-4B60-A6C0-64861F95A0E8}.Debug|Any CPU.ActiveCfg = Debug|Any CPU
		{B6F655A4-5389-4B60-A6C0-64861F95A0E8}.Debug|Any CPU.Build.0 = Debug|Any CPU
		{B6F655A4-5389-4B60-A6C0-64861F95A0E8}.Release|Any CPU.ActiveCfg = Release|Any CPU
		{B6F655A4-5389-4B60-A6C0-64861F95A0E8}.Release|Any CPU.Build.0 = Release|Any CPU
	EndGlobalSection
	GlobalSection(SolutionProperties) = preSolution
		HideSolutionNode = FALSE
	EndGlobalSection
	GlobalSection(ExtensibilityGlobals) = postSolution
		SolutionGuid = {BBBF75AD-E84D-4328-812E-313FE58C1D33}
	EndGlobalSection
EndGlobal
