
Microsoft Visual Studio Solution File, Format Version 12.00
# Visual Studio Version 17
VisualStudioVersion = 17.12.35527.113 d17.12
MinimumVisualStudioVersion = 10.0.40219.1
Project("{FAE04EC0-301F-11D3-BF4B-00C04F79EFBC}") = "Sample701", "Sample701\Sample701.csproj", "{30B9E36D-2ADB-43B4-BDF4-6B829300A815}"
EndProject
Project("{FAE04EC0-301F-11D3-BF4B-00C04F79EFBC}") = "Sample702", "Sample702\Sample702.csproj", "{41C326D2-C762-4D59-B6BA-97E615B15E3C}"
EndProject
Project("{FAE04EC0-301F-11D3-BF4B-00C04F79EFBC}") = "Sample703", "Sample703\Sample703.csproj", "{1183477A-700A-4D60-BAB7-F5E8CA718B95}"
EndProject
Global
	GlobalSection(SolutionConfigurationPlatforms) = preSolution
		Debug|Any CPU = Debug|Any CPU
		Release|Any CPU = Release|Any CPU
	EndGlobalSection
	GlobalSection(ProjectConfigurationPlatforms) = postSolution
		{30B9E36D-2ADB-43B4-BDF4-6B829300A815}.Debug|Any CPU.ActiveCfg = Debug|Any CPU
		{30B9E36D-2ADB-43B4-BDF4-6B829300A815}.Debug|Any CPU.Build.0 = Debug|Any CPU
		{30B9E36D-2ADB-43B4-BDF4-6B829300A815}.Release|Any CPU.ActiveCfg = Release|Any CPU
		{30B9E36D-2ADB-43B4-BDF4-6B829300A815}.Release|Any CPU.Build.0 = Release|Any CPU
		{41C326D2-C762-4D59-B6BA-97E615B15E3C}.Debug|Any CPU.ActiveCfg = Debug|Any CPU
		{41C326D2-C762-4D59-B6BA-97E615B15E3C}.Debug|Any CPU.Build.0 = Debug|Any CPU
		{41C326D2-C762-4D59-B6BA-97E615B15E3C}.Release|Any CPU.ActiveCfg = Release|Any CPU
		{41C326D2-C762-4D59-B6BA-97E615B15E3C}.Release|Any CPU.Build.0 = Release|Any CPU
		{1183477A-700A-4D60-BAB7-F5E8CA718B95}.Debug|Any CPU.ActiveCfg = Debug|Any CPU
		{1183477A-700A-4D60-BAB7-F5E8CA718B95}.Debug|Any CPU.Build.0 = Debug|Any CPU
		{1183477A-700A-4D60-BAB7-F5E8CA718B95}.Release|Any CPU.ActiveCfg = Release|Any CPU
		{1183477A-700A-4D60-BAB7-F5E8CA718B95}.Release|Any CPU.Build.0 = Release|Any CPU
	EndGlobalSection
	GlobalSection(SolutionProperties) = preSolution
		HideSolutionNode = FALSE
	EndGlobalSection
EndGlobal
