
Microsoft Visual Studio Solution File, Format Version 12.00
# Visual Studio 15
VisualStudioVersion = 15.0.28307.168
MinimumVisualStudioVersion = 10.0.40219.1
Project("{FAE04EC0-301F-11D3-BF4B-00C04F79EFBC}") = "Sample302", "Sample302\Sample302.csproj", "{F599585B-6C14-4F21-9F56-F000126DE075}"
EndProject
Global
	GlobalSection(SolutionConfigurationPlatforms) = preSolution
		Debug|Any CPU = Debug|Any CPU
		Release|Any CPU = Release|Any CPU
	EndGlobalSection
	GlobalSection(ProjectConfigurationPlatforms) = postSolution
		{F599585B-6C14-4F21-9F56-F000126DE075}.Debug|Any CPU.ActiveCfg = Debug|Any CPU
		{F599585B-6C14-4F21-9F56-F000126DE075}.Debug|Any CPU.Build.0 = Debug|Any CPU
		{F599585B-6C14-4F21-9F56-F000126DE075}.Release|Any CPU.ActiveCfg = Release|Any CPU
		{F599585B-6C14-4F21-9F56-F000126DE075}.Release|Any CPU.Build.0 = Release|Any CPU
	EndGlobalSection
	GlobalSection(SolutionProperties) = preSolution
		HideSolutionNode = FALSE
	EndGlobalSection
	GlobalSection(ExtensibilityGlobals) = postSolution
		SolutionGuid = {0518CF3E-AFE4-4241-8649-4BA9D178EE92}
	EndGlobalSection
EndGlobal
